
Microsoft Visual Studio Solution File, Format Version 12.00
# Visual Studio Version 17
VisualStudioVersion = 17.14.37516.0 d17.14
MinimumVisualStudioVersion = 10.0.40219.1
Project("{FAE04EC0-301F-11D3-BF4B-00C04F79EFBC}") = "Educare", "Educare\Educare.csproj", "{DB37DE57-D4A1-4093-93FB-FB829DE59BF2}"
EndProject
Global
	GlobalSection(SolutionConfigurationPlatforms) = preSolution
		Debug|Any CPU = Debug|Any CPU
		Release|Any CPU = Release|Any CPU
	EndGlobalSection
	GlobalSection(ProjectConfigurationPlatforms) = postSolution
		{DB37DE57-D4A1-4093-93FB-FB829DE59BF2}.Debug|Any CPU.ActiveCfg = Debug|Any CPU
		{DB37DE57-D4A1-4093-93FB-FB829DE59BF2}.Debug|Any CPU.Build.0 = Debug|Any CPU
		{DB37DE57-D4A1-4093-93FB-FB829DE59BF2}.Release|Any CPU.ActiveCfg = Release|Any CPU
		{DB37DE57-D4A1-4093-93FB-FB829DE59BF2}.Release|Any CPU.Build.0 = Release|Any CPU
	EndGlobalSection
	GlobalSection(SolutionProperties) = preSolution
		HideSolutionNode = FALSE
	EndGlobalSection
	GlobalSection(ExtensibilityGlobals) = postSolution
		SolutionGuid = {76B84AE1-1A91-476D-9421-861A64A1BD03}
	EndGlobalSection
EndGlobal
